{
  "originHash" : "f8e6443a5cd777ac41ca22c31c83c136ea9db645222bf0caf8773294490f16c3",
  "pins" : [
    {
      "identity" : "feedkit",
      "kind" : "remoteSourceControl",
      "location" : "https://github.com/nmdias/FeedKit.git",
      "state" : {
        "revision" : "68493a33d862c33c9a9f67ec729b3b7df1b20ade",
        "version" : "9.1.2"
      }
    },
    {
      "identity" : "grdb.swift",
      "kind" : "remoteSourceControl",
      "location" : "https://github.com/groue/GRDB.swift.git",
      "state" : {
        "revision" : "84d25dfc9dc1766feb8c80fb04b9f7e2337fb83e",
        "version" : "7.0.0-beta.6"
      }
    },
    {
      "identity" : "grdbquery",
      "kind" : "remoteSourceControl",
      "location" : "https://github.com/groue/GRDBQuery.git",
      "state" : {
        "revision" : "f279a57b7ba5749c05d347751a2f572f8759a7d2",
        "version" : "0.10.1"
      }
    },
    {
      "identity" : "outcastid3",
      "kind" : "remoteSourceControl",
      "location" : "https://github.com/CrunchyBagel/OutcastID3.git",
      "state" : {
        "revision" : "5643eed68f457e7bbdd684136d5fd5ce5c42abd9",
        "version" : "0.7.1"
      }
    },
    {
      "identity" : "swift-docc-plugin",
      "kind" : "remoteSourceControl",
      "location" : "https://github.com/apple/swift-docc-plugin",
      "state" : {
        "revision" : "85e4bb4e1cd62cec64a4b8e769dcefdf0c5b9d64",
        "version" : "1.4.3"
      }
    },
    {
      "identity" : "swift-docc-symbolkit",
      "kind" : "remoteSourceControl",
      "location" : "https://github.com/swiftlang/swift-docc-symbolkit",
      "state" : {
        "revision" : "b45d1f2ed151d057b54504d653e0da5552844e34",
        "version" : "1.0.0"
      }
    }
  ],
  "version" : 3
}
